
Microsoft Visual Studio Solution File, Format Version 12.00
# Visual Studio Version 17
VisualStudioVersion = 17.2.32616.157
MinimumVisualStudioVersion = 10.0.40219.1
Project("{FAE04EC0-301F-11D3-BF4B-00C04F79EFBC}") = "Moamen.Training.APIs", "Moamen.Training.APIs\Moamen.Training.APIs.csproj", "{A2AE0FD3-40E7-4488-BDB6-57581080EDDF}"
EndProject
Global
	GlobalSection(SolutionConfigurationPlatforms) = preSolution
		Debug|Any CPU = Debug|Any CPU
		Release|Any CPU = Release|Any CPU
	EndGlobalSection
	GlobalSection(ProjectConfigurationPlatforms) = postSolution
		{A2AE0FD3-40E7-4488-BDB6-57581080EDDF}.Debug|Any CPU.ActiveCfg = Debug|Any CPU
		{A2AE0FD3-40E7-4488-BDB6-57581080EDDF}.Debug|Any CPU.Build.0 = Debug|Any CPU
		{A2AE0FD3-40E7-4488-BDB6-57581080EDDF}.Release|Any CPU.ActiveCfg = Release|Any CPU
		{A2AE0FD3-40E7-4488-BDB6-57581080EDDF}.Release|Any CPU.Build.0 = Release|Any CPU
	EndGlobalSection
	GlobalSection(SolutionProperties) = preSolution
		HideSolutionNode = FALSE
	EndGlobalSection
	GlobalSection(ExtensibilityGlobals) = postSolution
		SolutionGuid = {F41686FF-E311-4C8B-AE8E-854245CB5B53}
	EndGlobalSection
EndGlobal
